
Microsoft Visual Studio Solution File, Format Version 12.00
# Visual Studio Version 17
VisualStudioVersion = 17.9.34728.123
MinimumVisualStudioVersion = 10.0.40219.1
Project("{FAE04EC0-301F-11D3-BF4B-00C04F79EFBC}") = "Employee CRUD System", "Employee CRUD System.csproj", "{8E4AAA64-BE53-493C-BE98-AECCD690AEA9}"
EndProject
Global
	GlobalSection(SolutionConfigurationPlatforms) = preSolution
		Debug|Any CPU = Debug|Any CPU
		Release|Any CPU = Release|Any CPU
	EndGlobalSection
	GlobalSection(ProjectConfigurationPlatforms) = postSolution
		{8E4AAA64-BE53-493C-BE98-AECCD690AEA9}.Debug|Any CPU.ActiveCfg = Debug|Any CPU
		{8E4AAA64-BE53-493C-BE98-AECCD690AEA9}.Debug|Any CPU.Build.0 = Debug|Any CPU
		{8E4AAA64-BE53-493C-BE98-AECCD690AEA9}.Release|Any CPU.ActiveCfg = Release|Any CPU
		{8E4AAA64-BE53-493C-BE98-AECCD690AEA9}.Release|Any CPU.Build.0 = Release|Any CPU
	EndGlobalSection
	GlobalSection(SolutionProperties) = preSolution
		HideSolutionNode = FALSE
	EndGlobalSection
	GlobalSection(ExtensibilityGlobals) = postSolution
		SolutionGuid = {B4EB4C4E-DF14-41FE-86A8-B9A661812D27}
	EndGlobalSection
EndGlobal
